chart-versions:
    "2.14":
        latest-stable: null
        latest-prerelease: null
        updated-at: null
        upstream-refs:
            prod:
                charts:
                    fetched-at: 2026-07-28T13:34:11.839885Z
                    branch: release-v2.14
                    commit: 5de86eba1ea29880e38ea6345cc3f176f97a4f15
                partner:
                    fetched-at: 2026-07-28T13:34:12.003841Z
                    branch: main
                    commit: 0a393a9b752a65cb1dbb363c889013e8abc21c15
                rke2:
                    fetched-at: 2026-07-28T13:34:12.163563Z
                    branch: main
                    commit: 5fbaf208eef9eeeb5fbc0a37b05224365a5e8f27
            dev:
                charts:
                    fetched-at: 2026-07-28T13:34:12.333076Z
                    branch: dev-v2.14
                    commit: e68319988988188a41642f465d9e6f5f0289b28b
                partner:
                    fetched-at: 2026-07-28T13:34:12.564801Z
                    branch: main
                    commit: 0a393a9b752a65cb1dbb363c889013e8abc21c15
                rke2:
                    fetched-at: 2026-07-28T13:34:12.778919Z
                    branch: main
                    commit: 5fbaf208eef9eeeb5fbc0a37b05224365a5e8f27
    "2.15":
        latest-stable: null
        latest-prerelease: null
        updated-at: null
        upstream-refs:
            prod:
                charts:
                    fetched-at: 2026-09-04T14:52:02.471103775Z
                    branch: release-v2.15
                    commit: f269ccf4c0a4b27cf49501fca3407e35f6a5b964
                partner:
                    fetched-at: 2026-09-04T14:52:02.583081226Z
                    branch: main
                    commit: 387e19d434c27365fb985738d64241389ccc9366
                rke2:
                    fetched-at: 2026-09-04T14:52:02.76045439Z
                    branch: main
                    commit: 6d89aeaca3b9174cf4fcb68b71e3608f989e137b
            dev:
                charts:
                    fetched-at: 2026-09-04T14:52:02.877671257Z
                    branch: dev-v2.15
                    commit: e46d1710bbbb6ea2597ff6ce2f0c327c844edbb5
                partner:
                    fetched-at: 2026-09-04T14:52:03.071947345Z
                    branch: main
                    commit: 387e19d434c27365fb985738d64241389ccc9366
                rke2:
                    fetched-at: 2026-09-04T14:52:03.240171087Z
                    branch: main
                    commit: 6d89aeaca3b9174cf4fcb68b71e3608f989e137b
    "2.16":
        latest-stable: null
        latest-prerelease: null
        updated-at: null
        upstream-refs:
            prod:
                charts:
                    fetched-at: 2026-09-04T14:52:03.356037166Z
                    branch: release-v2.16
                    commit: a793df1cee968092193411cf2cbbbccd0d44ac08
                partner:
                    fetched-at: 2026-09-04T14:52:03.547549086Z
                    branch: main
                    commit: 387e19d434c27365fb985738d64241389ccc9366
                rke2:
                    fetched-at: 2026-09-04T14:52:03.686227756Z
                    branch: main
                    commit: 6d89aeaca3b9174cf4fcb68b71e3608f989e137b
            dev:
                charts:
                    fetched-at: 2026-09-04T14:52:03.87710674Z
                    branch: dev-v2.16
                    commit: d58799c798b53238c88747a232a36a57d3d49b08
                partner:
                    fetched-at: 2026-09-04T14:52:04.153176629Z
                    branch: main
                    commit: 387e19d434c27365fb985738d64241389ccc9366
                rke2:
                    fetched-at: 2026-09-04T14:52:04.267211337Z
                    branch: main
                    commit: 6d89aeaca3b9174cf4fcb68b71e3608f989e137b
base-image:
    bci-base: 16.0@sha256:c121aa8f01348b602e5b29b3e868693de3917cc15ab4735fcbd013ea159c426f
    bci-micro: 16.0@sha256:0a1b2222f55d4505ff50b9355a1877b07b5e442d7fd6efdc44b907cb0dd9572d
copy-script-hash: 9b9da8e26b3377be489743e5f7164394e3fb3c67ea134cb629ba1904f8cd8053
template-hashes:
    prod-template: 0cf523783cb5d391cf9478f453bf1ce88599256dc3192b27c1c80774c49efa40
    dev-template: 6f2d670e49909f20a274718cd8a9a0e1f5af5ebbce912ae515a337183ac4e6ec
generated-at: 2026-09-04T14:52:04.267230546Z
generator-version: v0.1.0
