chart-versions:
    "2.14":
        latest-stable: null
        latest-prerelease: null
        updated-at: null
        upstream-refs:
            prod:
                charts:
                    fetched-at: 2026-07-28T13:34:11.839885Z
                    branch: release-v2.14
                    commit: 5de86eba1ea29880e38ea6345cc3f176f97a4f15
                partner:
                    fetched-at: 2026-07-28T13:34:12.003841Z
                    branch: main
                    commit: 0a393a9b752a65cb1dbb363c889013e8abc21c15
                rke2:
                    fetched-at: 2026-07-28T13:34:12.163563Z
                    branch: main
                    commit: 5fbaf208eef9eeeb5fbc0a37b05224365a5e8f27
            dev:
                charts:
                    fetched-at: 2026-07-28T13:34:12.333076Z
                    branch: dev-v2.14
                    commit: e68319988988188a41642f465d9e6f5f0289b28b
                partner:
                    fetched-at: 2026-07-28T13:34:12.564801Z
                    branch: main
                    commit: 0a393a9b752a65cb1dbb363c889013e8abc21c15
                rke2:
                    fetched-at: 2026-07-28T13:34:12.778919Z
                    branch: main
                    commit: 5fbaf208eef9eeeb5fbc0a37b05224365a5e8f27
    "2.15":
        latest-stable: null
        latest-prerelease: null
        updated-at: null
        upstream-refs:
            prod:
                charts:
                    fetched-at: 2026-09-01T01:08:50.945058523Z
                    branch: release-v2.15
                    commit: f269ccf4c0a4b27cf49501fca3407e35f6a5b964
                partner:
                    fetched-at: 2026-09-01T01:08:51.173849732Z
                    branch: main
                    commit: 0f10955aa221bd2523758e9d5673e4f253d80416
                rke2:
                    fetched-at: 2026-09-01T01:08:51.404587357Z
                    branch: main
                    commit: da4b34e428dc9e36f1dcd5af621278f03ecdccaa
            dev:
                charts:
                    fetched-at: 2026-09-01T01:08:51.639780148Z
                    branch: dev-v2.15
                    commit: 616a1dfb4dd882fbde6552f6537031baf3f1d09e
                partner:
                    fetched-at: 2026-09-01T01:08:51.887388065Z
                    branch: main
                    commit: 0f10955aa221bd2523758e9d5673e4f253d80416
                rke2:
                    fetched-at: 2026-09-01T01:08:52.03681444Z
                    branch: main
                    commit: da4b34e428dc9e36f1dcd5af621278f03ecdccaa
    "2.16":
        latest-stable: null
        latest-prerelease: null
        updated-at: null
        upstream-refs:
            prod:
                charts:
                    fetched-at: 2026-09-01T01:08:52.191283357Z
                    branch: release-v2.16
                    commit: 1abf6ec8303720ab58c57e934b4133f8807361d7
                partner:
                    fetched-at: 2026-09-01T01:08:52.452403857Z
                    branch: main
                    commit: 0f10955aa221bd2523758e9d5673e4f253d80416
                rke2:
                    fetched-at: 2026-09-01T01:08:52.606172566Z
                    branch: main
                    commit: da4b34e428dc9e36f1dcd5af621278f03ecdccaa
            dev:
                charts:
                    fetched-at: 2026-09-01T01:08:52.771955899Z
                    branch: dev-v2.16
                    commit: 8c2e2a567cd3811d4ac8faf6d00e19989865cf75
                partner:
                    fetched-at: 2026-09-01T01:08:52.970614691Z
                    branch: main
                    commit: 0f10955aa221bd2523758e9d5673e4f253d80416
                rke2:
                    fetched-at: 2026-09-01T01:08:53.360975733Z
                    branch: main
                    commit: da4b34e428dc9e36f1dcd5af621278f03ecdccaa
base-image:
    bci-base: 16.0@sha256:c121aa8f01348b602e5b29b3e868693de3917cc15ab4735fcbd013ea159c426f
    bci-micro: 16.0@sha256:0a1b2222f55d4505ff50b9355a1877b07b5e442d7fd6efdc44b907cb0dd9572d
copy-script-hash: 9b9da8e26b3377be489743e5f7164394e3fb3c67ea134cb629ba1904f8cd8053
template-hashes:
    prod-template: 0cf523783cb5d391cf9478f453bf1ce88599256dc3192b27c1c80774c49efa40
    dev-template: 6f2d670e49909f20a274718cd8a9a0e1f5af5ebbce912ae515a337183ac4e6ec
generated-at: 2026-09-01T01:08:53.361013816Z
generator-version: v0.1.0
